
Microsoft Visual Studio Solution File, Format Version 12.00
# Visual Studio Version 16
VisualStudioVersion = 16.0.31515.178
MinimumVisualStudioVersion = 10.0.40219.1
Project("{FAE04EC0-301F-11D3-BF4B-00C04F79EFBC}") = "SEDC.PizzaApp", "SEDC.PizzaApp\SEDC.PizzaApp.csproj", "{E7AFB5C3-5E3A-4A70-B04A-9D55F9467A63}"
EndProject
Global
	GlobalSection(SolutionConfigurationPlatforms) = preSolution
		Debug|Any CPU = Debug|Any CPU
		Release|Any CPU = Release|Any CPU
	EndGlobalSection
	GlobalSection(ProjectConfigurationPlatforms) = postSolution
		{E7AFB5C3-5E3A-4A70-B04A-9D55F9467A63}.Debug|Any CPU.ActiveCfg = Debug|Any CPU
		{E7AFB5C3-5E3A-4A70-B04A-9D55F9467A63}.Debug|Any CPU.Build.0 = Debug|Any CPU
		{E7AFB5C3-5E3A-4A70-B04A-9D55F9467A63}.Release|Any CPU.ActiveCfg = Release|Any CPU
		{E7AFB5C3-5E3A-4A70-B04A-9D55F9467A63}.Release|Any CPU.Build.0 = Release|Any CPU
	EndGlobalSection
	GlobalSection(SolutionProperties) = preSolution
		HideSolutionNode = FALSE
	EndGlobalSection
	GlobalSection(ExtensibilityGlobals) = postSolution
		SolutionGuid = {5312C2A6-1F0F-4FA3-8630-71AA0EA668C8}
	EndGlobalSection
EndGlobal
