
Microsoft Visual Studio Solution File, Format Version 12.00
# Visual Studio Version 16
VisualStudioVersion = 16.0.31515.178
MinimumVisualStudioVersion = 10.0.40219.1
Project("{FAE04EC0-301F-11D3-BF4B-00C04F79EFBC}") = "SEDC.PizzaApp", "SEDC.PizzaApp\SEDC.PizzaApp.csproj", "{95000719-04C3-450F-A791-ECD33F48AF4A}"
EndProject
Global
	GlobalSection(SolutionConfigurationPlatforms) = preSolution
		Debug|Any CPU = Debug|Any CPU
		Release|Any CPU = Release|Any CPU
	EndGlobalSection
	GlobalSection(ProjectConfigurationPlatforms) = postSolution
		{95000719-04C3-450F-A791-ECD33F48AF4A}.Debug|Any CPU.ActiveCfg = Debug|Any CPU
		{95000719-04C3-450F-A791-ECD33F48AF4A}.Debug|Any CPU.Build.0 = Debug|Any CPU
		{95000719-04C3-450F-A791-ECD33F48AF4A}.Release|Any CPU.ActiveCfg = Release|Any CPU
		{95000719-04C3-450F-A791-ECD33F48AF4A}.Release|Any CPU.Build.0 = Release|Any CPU
	EndGlobalSection
	GlobalSection(SolutionProperties) = preSolution
		HideSolutionNode = FALSE
	EndGlobalSection
	GlobalSection(ExtensibilityGlobals) = postSolution
		SolutionGuid = {B3AF554A-0859-4FEF-8AEC-4E6592BE14C9}
	EndGlobalSection
EndGlobal
